
Microsoft Visual Studio Solution File, Format Version 12.00
# Visual Studio 15
VisualStudioVersion = 15.0.27130.2020
MinimumVisualStudioVersion = 10.0.40219.1
Project("{FAE04EC0-301F-11D3-BF4B-00C04F79EFBC}") = "Lab 1", "Lab 1\Lab 1.csproj", "{78B803CA-3097-4AE1-9285-A51A285B749F}"
EndProject
Project("{FAE04EC0-301F-11D3-BF4B-00C04F79EFBC}") = "CompoundInterestLib", "CompoundInterestLib\CompoundInterestLib.csproj", "{30803736-6C31-49A4-8EFE-68EF685869C3}"
EndProject
Global
	GlobalSection(SolutionConfigurationPlatforms) = preSolution
		Debug|Any CPU = Debug|Any CPU
		Release|Any CPU = Release|Any CPU
	EndGlobalSection
	GlobalSection(ProjectConfigurationPlatforms) = postSolution
		{78B803CA-3097-4AE1-9285-A51A285B749F}.Debug|Any CPU.ActiveCfg = Debug|Any CPU
		{78B803CA-3097-4AE1-9285-A51A285B749F}.Debug|Any CPU.Build.0 = Debug|Any CPU
		{78B803CA-3097-4AE1-9285-A51A285B749F}.Release|Any CPU.ActiveCfg = Release|Any CPU
		{78B803CA-3097-4AE1-9285-A51A285B749F}.Release|Any CPU.Build.0 = Release|Any CPU
		{30803736-6C31-49A4-8EFE-68EF685869C3}.Debug|Any CPU.ActiveCfg = Debug|Any CPU
		{30803736-6C31-49A4-8EFE-68EF685869C3}.Debug|Any CPU.Build.0 = Debug|Any CPU
		{30803736-6C31-49A4-8EFE-68EF685869C3}.Release|Any CPU.ActiveCfg = Release|Any CPU
		{30803736-6C31-49A4-8EFE-68EF685869C3}.Release|Any CPU.Build.0 = Release|Any CPU
	EndGlobalSection
	GlobalSection(SolutionProperties) = preSolution
		HideSolutionNode = FALSE
	EndGlobalSection
	GlobalSection(ExtensibilityGlobals) = postSolution
		SolutionGuid = {E4A5146D-1EC2-4D91-917B-175E2FE9FB59}
	EndGlobalSection
EndGlobal
